// !$*UTF8*$!
{
	archiveVersion = 1;
	classes = {
	};
	objectVersion = 50;
	objects = {

/* Begin PBXBuildFile section */
		2D063D2D2500F26800D2E6A2 /* AsyncImage.swift in Sources */ = {isa = PBXBuildFile; fileRef = 2D063D2C2500F26800D2E6A2 /* AsyncImage.swift */; };
		2D063D2F2500F2F700D2E6A2 /* ImageLoader.swift in Sources */ = {isa = PBXBuildFile; fileRef = 2D063D2E2500F2F700D2E6A2 /* ImageLoader.swift */; };
		2D063D322500F4D800D2E6A2 /* ImageCache.swift in Sources */ = {isa = PBXBuildFile; fileRef = 2D063D312500F4D800D2E6A2 /* ImageCache.swift */; };
		2D40BF2D24F583AB007EEF1F /* AppDelegate.swift in Sources */ = {isa = PBXBuildFile; fileRef = 2D40BF2C24F583AB007EEF1F /* AppDelegate.swift */; };
		2D40BF2F24F583AB007EEF1F /* SceneDelegate.swift in Sources */ = {isa = PBXBuildFile; fileRef = 2D40BF2E24F583AB007EEF1F /* SceneDelegate.swift */; };
		2D40BF3124F583AB007EEF1F /* ContentView.swift in Sources */ = {isa = PBXBuildFile; fileRef = 2D40BF3024F583AB007EEF1F /* ContentView.swift */; };
		2D40BF3324F583B0007EEF1F /* Assets.xcassets in Resources */ = {isa = PBXBuildFile; fileRef = 2D40BF3224F583B0007EEF1F /* Assets.xcassets */; };
		2D40BF3624F583B0007EEF1F /* Preview Assets.xcassets in Resources */ = {isa = PBXBuildFile; fileRef = 2D40BF3524F583B0007EEF1F /* Preview Assets.xcassets */; };
		2D40BF3924F583B0007EEF1F /* LaunchScreen.storyboard in Resources */ = {isa = PBXBuildFile; fileRef = 2D40BF3724F583B0007EEF1F /* LaunchScreen.storyboard */; };
		2D40BF4524F59518007EEF1F /* AuthenticationServices.framework in Frameworks */ = {isa = PBXBuildFile; fileRef = 2D40BF4424F59518007EEF1F /* AuthenticationServices.framework */; };
		2D40BF4724F59738007EEF1F /* KeychainItem.swift in Sources */ = {isa = PBXBuildFile; fileRef = 2D40BF4624F59738007EEF1F /* KeychainItem.swift */; };
		2D40BF4E24F5A6D9007EEF1F /* LoginView.swift in Sources */ = {isa = PBXBuildFile; fileRef = 2D40BF4D24F5A6D9007EEF1F /* LoginView.swift */; };
		2D40BF5024F5AAF8007EEF1F /* Coordinator.swift in Sources */ = {isa = PBXBuildFile; fileRef = 2D40BF4F24F5AAF8007EEF1F /* Coordinator.swift */; };
		2D40BF5224F65FF2007EEF1F /* SignInWithAppleView.swift in Sources */ = {isa = PBXBuildFile; fileRef = 2D40BF5124F65FF2007EEF1F /* SignInWithAppleView.swift */; };
		2D40BF5824F6DEB8007EEF1F /* ProductsViewModel.swift in Sources */ = {isa = PBXBuildFile; fileRef = 2D40BF5724F6DEB8007EEF1F /* ProductsViewModel.swift */; };
		2D40BF5A24F6DFB2007EEF1F /* ProductsListView.swift in Sources */ = {isa = PBXBuildFile; fileRef = 2D40BF5924F6DFB2007EEF1F /* ProductsListView.swift */; };
		2D40BF6124F6E436007EEF1F /* LoginViewModel.swift in Sources */ = {isa = PBXBuildFile; fileRef = 2D40BF6024F6E436007EEF1F /* LoginViewModel.swift */; };
		2D40BF6624F793EF007EEF1F /* ProductView.swift in Sources */ = {isa = PBXBuildFile; fileRef = 2D40BF6524F793EF007EEF1F /* ProductView.swift */; };
		2D40BF6A24F7A79F007EEF1F /* Star.swift in Sources */ = {isa = PBXBuildFile; fileRef = 2D40BF6924F7A79F007EEF1F /* Star.swift */; };
		2D40BF6C24F7BAD7007EEF1F /* LoggedInState.swift in Sources */ = {isa = PBXBuildFile; fileRef = 2D40BF6B24F7BAD7007EEF1F /* LoggedInState.swift */; };
		2DE714E124FE21BD00BBB6F0 /* HobbiiService.framework in Frameworks */ = {isa = PBXBuildFile; fileRef = 2DE714E024FE21BD00BBB6F0 /* HobbiiService.framework */; };
		2DE714E224FE21BD00BBB6F0 /* HobbiiService.framework in Embed Frameworks */ = {isa = PBXBuildFile; fileRef = 2DE714E024FE21BD00BBB6F0 /* HobbiiService.framework */; settings = {ATTRIBUTES = (CodeSignOnCopy, RemoveHeadersOnCopy, ); }; };
/* End PBXBuildFile section */

/* Begin PBXCopyFilesBuildPhase section */
		2DE714E324FE21BD00BBB6F0 /* Embed Frameworks */ = {
			isa = PBXCopyFilesBuildPhase;
			buildActionMask = 2147483647;
			dstPath = "";
			dstSubfolderSpec = 10;
			files = (
				2DE714E224FE21BD00BBB6F0 /* HobbiiService.framework in Embed Frameworks */,
			);
			name = "Embed Frameworks";
			runOnlyForDeploymentPostprocessing = 0;
		};
/* End PBXCopyFilesBuildPhase section */

/* Begin PBXFileReference section */
		2D063D2C2500F26800D2E6A2 /* AsyncImage.swift */ = {isa = PBXFileReference; lastKnownFileType = sourcecode.swift; path = AsyncImage.swift; sourceTree = "<group>"; };
		2D063D2E2500F2F700D2E6A2 /* ImageLoader.swift */ = {isa = PBXFileReference; lastKnownFileType = sourcecode.swift; path = ImageLoader.swift; sourceTree = "<group>"; };
		2D063D312500F4D800D2E6A2 /* ImageCache.swift */ = {isa = PBXFileReference; lastKnownFileType = sourcecode.swift; path = ImageCache.swift; sourceTree = "<group>"; };
		2D40BF2924F583AB007EEF1F /* Hobbii.app */ = {isa = PBXFileReference; explicitFileType = wrapper.application; includeInIndex = 0; path = Hobbii.app; sourceTree = BUILT_PRODUCTS_DIR; };
		2D40BF2C24F583AB007EEF1F /* AppDelegate.swift */ = {isa = PBXFileReference; lastKnownFileType = sourcecode.swift; path = AppDelegate.swift; sourceTree = "<group>"; };
		2D40BF2E24F583AB007EEF1F /* SceneDelegate.swift */ = {isa = PBXFileReference; lastKnownFileType = sourcecode.swift; path = SceneDelegate.swift; sourceTree = "<group>"; };
		2D40BF3024F583AB007EEF1F /* ContentView.swift */ = {isa = PBXFileReference; lastKnownFileType = sourcecode.swift; path = ContentView.swift; sourceTree = "<group>"; };
		2D40BF3224F583B0007EEF1F /* Assets.xcassets */ = {isa = PBXFileReference; lastKnownFileType = folder.assetcatalog; path = Assets.xcassets; sourceTree = "<group>"; };
		2D40BF3524F583B0007EEF1F /* Preview Assets.xcassets */ = {isa = PBXFileReference; lastKnownFileType = folder.assetcatalog; path = "Preview Assets.xcassets"; sourceTree = "<group>"; };
		2D40BF3824F583B0007EEF1F /* Base */ = {isa = PBXFileReference; lastKnownFileType = file.storyboard; name = Base; path = Base.lproj/LaunchScreen.storyboard; sourceTree = "<group>"; };
		2D40BF3A24F583B0007EEF1F /* Info.plist */ = {isa = PBXFileReference; lastKnownFileType = text.plist.xml; path = Info.plist; sourceTree = "<group>"; };
		2D40BF4224F593BE007EEF1F /* Hobbii.entitlements */ = {isa = PBXFileReference; lastKnownFileType = text.plist.entitlements; path = Hobbii.entitlements; sourceTree = "<group>"; };
		2D40BF4424F59518007EEF1F /* AuthenticationServices.framework */ = {isa = PBXFileReference; lastKnownFileType = wrapper.framework; name = AuthenticationServices.framework; path = System/Library/Frameworks/AuthenticationServices.framework; sourceTree = SDKROOT; };
		2D40BF4624F59738007EEF1F /* KeychainItem.swift */ = {isa = PBXFileReference; fileEncoding = 4; lastKnownFileType = sourcecode.swift; path = KeychainItem.swift; sourceTree = "<group>"; };
		2D40BF4D24F5A6D9007EEF1F /* LoginView.swift */ = {isa = PBXFileReference; lastKnownFileType = sourcecode.swift; path = LoginView.swift; sourceTree = "<group>"; };
		2D40BF4F24F5AAF8007EEF1F /* Coordinator.swift */ = {isa = PBXFileReference; lastKnownFileType = sourcecode.swift; path = Coordinator.swift; sourceTree = "<group>"; };
		2D40BF5124F65FF2007EEF1F /* SignInWithAppleView.swift */ = {isa = PBXFileReference; lastKnownFileType = sourcecode.swift; path = SignInWithAppleView.swift; sourceTree = "<group>"; };
		2D40BF5724F6DEB8007EEF1F /* ProductsViewModel.swift */ = {isa = PBXFileReference; lastKnownFileType = sourcecode.swift; path = ProductsViewModel.swift; sourceTree = "<group>"; };
		2D40BF5924F6DFB2007EEF1F /* ProductsListView.swift */ = {isa = PBXFileReference; lastKnownFileType = sourcecode.swift; path = ProductsListView.swift; sourceTree = "<group>"; };
		2D40BF6024F6E436007EEF1F /* LoginViewModel.swift */ = {isa = PBXFileReference; lastKnownFileType = sourcecode.swift; path = LoginViewModel.swift; sourceTree = "<group>"; };
		2D40BF6524F793EF007EEF1F /* ProductView.swift */ = {isa = PBXFileReference; lastKnownFileType = sourcecode.swift; path = ProductView.swift; sourceTree = "<group>"; };
		2D40BF6924F7A79F007EEF1F /* Star.swift */ = {isa = PBXFileReference; lastKnownFileType = sourcecode.swift; path = Star.swift; sourceTree = "<group>"; };
		2D40BF6B24F7BAD7007EEF1F /* LoggedInState.swift */ = {isa = PBXFileReference; lastKnownFileType = sourcecode.swift; path = LoggedInState.swift; sourceTree = "<group>"; };
		2DE714E024FE21BD00BBB6F0 /* HobbiiService.framework */ = {isa = PBXFileReference; explicitFileType = wrapper.framework; path = HobbiiService.framework; sourceTree = BUILT_PRODUCTS_DIR; };
/* End PBXFileReference section */

/* Begin PBXFrameworksBuildPhase section */
		2D40BF2624F583AB007EEF1F /* Frameworks */ = {
			isa = PBXFrameworksBuildPhase;
			buildActionMask = 2147483647;
			files = (
				2D40BF4524F59518007EEF1F /* AuthenticationServices.framework in Frameworks */,
				2DE714E124FE21BD00BBB6F0 /* HobbiiService.framework in Frameworks */,
			);
			runOnlyForDeploymentPostprocessing = 0;
		};
/* End PBXFrameworksBuildPhase section */

/* Begin PBXGroup section */
		2D063D302500F4BE00D2E6A2 /* Helpers */ = {
			isa = PBXGroup;
			children = (
				2D063D2E2500F2F700D2E6A2 /* ImageLoader.swift */,
				2D063D312500F4D800D2E6A2 /* ImageCache.swift */,
			);
			path = Helpers;
			sourceTree = "<group>";
		};
		2D40BF2024F583AB007EEF1F = {
			isa = PBXGroup;
			children = (
				2D40BF2B24F583AB007EEF1F /* Hobbii */,
				2D40BF2A24F583AB007EEF1F /* Products */,
				2D40BF4324F59518007EEF1F /* Frameworks */,
			);
			sourceTree = "<group>";
		};
		2D40BF2A24F583AB007EEF1F /* Products */ = {
			isa = PBXGroup;
			children = (
				2D40BF2924F583AB007EEF1F /* Hobbii.app */,
			);
			name = Products;
			sourceTree = "<group>";
		};
		2D40BF2B24F583AB007EEF1F /* Hobbii */ = {
			isa = PBXGroup;
			children = (
				2D063D302500F4BE00D2E6A2 /* Helpers */,
				2D40BF5624F6DEA6007EEF1F /* ViewModels */,
				2D40BF5324F67643007EEF1F /* Models */,
				2D40BF4C24F5A6CD007EEF1F /* Views */,
				2D40BF4224F593BE007EEF1F /* Hobbii.entitlements */,
				2D40BF2C24F583AB007EEF1F /* AppDelegate.swift */,
				2D40BF2E24F583AB007EEF1F /* SceneDelegate.swift */,
				2D40BF3024F583AB007EEF1F /* ContentView.swift */,
				2D40BF3224F583B0007EEF1F /* Assets.xcassets */,
				2D40BF3724F583B0007EEF1F /* LaunchScreen.storyboard */,
				2D40BF4624F59738007EEF1F /* KeychainItem.swift */,
				2D40BF3A24F583B0007EEF1F /* Info.plist */,
				2D40BF3424F583B0007EEF1F /* Preview Content */,
				2D40BF4F24F5AAF8007EEF1F /* Coordinator.swift */,
				2D40BF6924F7A79F007EEF1F /* Star.swift */,
			);
			path = Hobbii;
			sourceTree = "<group>";
		};
		2D40BF3424F583B0007EEF1F /* Preview Content */ = {
			isa = PBXGroup;
			children = (
				2D40BF3524F583B0007EEF1F /* Preview Assets.xcassets */,
			);
			path = "Preview Content";
			sourceTree = "<group>";
		};
		2D40BF4324F59518007EEF1F /* Frameworks */ = {
			isa = PBXGroup;
			children = (
				2DE714E024FE21BD00BBB6F0 /* HobbiiService.framework */,
				2D40BF4424F59518007EEF1F /* AuthenticationServices.framework */,
			);
			name = Frameworks;
			sourceTree = "<group>";
		};
		2D40BF4C24F5A6CD007EEF1F /* Views */ = {
			isa = PBXGroup;
			children = (
				2D40BF4D24F5A6D9007EEF1F /* LoginView.swift */,
				2D40BF5124F65FF2007EEF1F /* SignInWithAppleView.swift */,
				2D40BF5924F6DFB2007EEF1F /* ProductsListView.swift */,
				2D40BF6524F793EF007EEF1F /* ProductView.swift */,
				2D063D2C2500F26800D2E6A2 /* AsyncImage.swift */,
			);
			path = Views;
			sourceTree = "<group>";
		};
		2D40BF5324F67643007EEF1F /* Models */ = {
			isa = PBXGroup;
			children = (
				2D40BF6B24F7BAD7007EEF1F /* LoggedInState.swift */,
			);
			path = Models;
			sourceTree = "<group>";
		};
		2D40BF5624F6DEA6007EEF1F /* ViewModels */ = {
			isa = PBXGroup;
			children = (
				2D40BF5724F6DEB8007EEF1F /* ProductsViewModel.swift */,
				2D40BF6024F6E436007EEF1F /* LoginViewModel.swift */,
			);
			path = ViewModels;
			sourceTree = "<group>";
		};
/* End PBXGroup section */

/* Begin PBXNativeTarget section */
		2D40BF2824F583AB007EEF1F /* Hobbii */ = {
			isa = PBXNativeTarget;
			buildConfigurationList = 2D40BF3D24F583B0007EEF1F /* Build configuration list for PBXNativeTarget "Hobbii" */;
			buildPhases = (
				2D40BF2524F583AB007EEF1F /* Sources */,
				2D40BF2624F583AB007EEF1F /* Frameworks */,
				2D40BF2724F583AB007EEF1F /* Resources */,
				2DE714E324FE21BD00BBB6F0 /* Embed Frameworks */,
			);
			buildRules = (
			);
			dependencies = (
			);
			name = Hobbii;
			productName = Hobbii;
			productReference = 2D40BF2924F583AB007EEF1F /* Hobbii.app */;
			productType = "com.apple.product-type.application";
		};
/* End PBXNativeTarget section */

/* Begin PBXProject section */
		2D40BF2124F583AB007EEF1F /* Project object */ = {
			isa = PBXProject;
			attributes = {
				LastSwiftUpdateCheck = 1160;
				LastUpgradeCheck = 1160;
				ORGANIZATIONNAME = "Martin Söderlind";
				TargetAttributes = {
					2D40BF2824F583AB007EEF1F = {
						CreatedOnToolsVersion = 11.6;
					};
				};
			};
			buildConfigurationList = 2D40BF2424F583AB007EEF1F /* Build configuration list for PBXProject "Hobbii" */;
			compatibilityVersion = "Xcode 9.3";
			developmentRegion = en;
			hasScannedForEncodings = 0;
			knownRegions = (
				en,
				Base,
			);
			mainGroup = 2D40BF2024F583AB007EEF1F;
			productRefGroup = 2D40BF2A24F583AB007EEF1F /* Products */;
			projectDirPath = "";
			projectRoot = "";
			targets = (
				2D40BF2824F583AB007EEF1F /* Hobbii */,
			);
		};
/* End PBXProject section */

/* Begin PBXResourcesBuildPhase section */
		2D40BF2724F583AB007EEF1F /* Resources */ = {
			isa = PBXResourcesBuildPhase;
			buildActionMask = 2147483647;
			files = (
				2D40BF3924F583B0007EEF1F /* LaunchScreen.storyboard in Resources */,
				2D40BF3624F583B0007EEF1F /* Preview Assets.xcassets in Resources */,
				2D40BF3324F583B0007EEF1F /* Assets.xcassets in Resources */,
			);
			runOnlyForDeploymentPostprocessing = 0;
		};
/* End PBXResourcesBuildPhase section */

/* Begin PBXSourcesBuildPhase section */
		2D40BF2524F583AB007EEF1F /* Sources */ = {
			isa = PBXSourcesBuildPhase;
			buildActionMask = 2147483647;
			files = (
				2D40BF2D24F583AB007EEF1F /* AppDelegate.swift in Sources */,
				2D40BF5224F65FF2007EEF1F /* SignInWithAppleView.swift in Sources */,
				2D063D322500F4D800D2E6A2 /* ImageCache.swift in Sources */,
				2D40BF6A24F7A79F007EEF1F /* Star.swift in Sources */,
				2D40BF6124F6E436007EEF1F /* LoginViewModel.swift in Sources */,
				2D40BF2F24F583AB007EEF1F /* SceneDelegate.swift in Sources */,
				2D40BF6624F793EF007EEF1F /* ProductView.swift in Sources */,
				2D063D2F2500F2F700D2E6A2 /* ImageLoader.swift in Sources */,
				2D40BF6C24F7BAD7007EEF1F /* LoggedInState.swift in Sources */,
				2D40BF4724F59738007EEF1F /* KeychainItem.swift in Sources */,
				2D40BF5824F6DEB8007EEF1F /* ProductsViewModel.swift in Sources */,
				2D063D2D2500F26800D2E6A2 /* AsyncImage.swift in Sources */,
				2D40BF3124F583AB007EEF1F /* ContentView.swift in Sources */,
				2D40BF5A24F6DFB2007EEF1F /* ProductsListView.swift in Sources */,
				2D40BF4E24F5A6D9007EEF1F /* LoginView.swift in Sources */,
				2D40BF5024F5AAF8007EEF1F /* Coordinator.swift in Sources */,
			);
			runOnlyForDeploymentPostprocessing = 0;
		};
/* End PBXSourcesBuildPhase section */

/* Begin PBXVariantGroup section */
		2D40BF3724F583B0007EEF1F /* LaunchScreen.storyboard */ = {
			isa = PBXVariantGroup;
			children = (
				2D40BF3824F583B0007EEF1F /* Base */,
			);
			name = LaunchScreen.storyboard;
			sourceTree = "<group>";
		};
/* End PBXVariantGroup section */

/* Begin XCBuildConfiguration section */
		2D40BF3B24F583B0007EEF1F /* Debug */ = {
			isa = XCBuildConfiguration;
			buildSettings = {
				ALWAYS_SEARCH_USER_PATHS = NO;
				CLANG_ANALYZER_NONNULL = YES;
				CLANG_ANALYZER_NUMBER_OBJECT_CONVERSION = YES_AGGRESSIVE;
				CLANG_CXX_LANGUAGE_STANDARD = "gnu++14";
				CLANG_CXX_LIBRARY = "libc++";
				CLANG_ENABLE_MODULES = YES;
				CLANG_ENABLE_OBJC_ARC = YES;
				CLANG_ENABLE_OBJC_WEAK = YES;
				CLANG_WARN_BLOCK_CAPTURE_AUTORELEASING = YES;
				CLANG_WARN_BOOL_CONVERSION = YES;
				CLANG_WARN_COMMA = YES;
				CLANG_WARN_CONSTANT_CONVERSION = YES;
				CLANG_WARN_DEPRECATED_OBJC_IMPLEMENTATIONS = YES;
				CLANG_WARN_DIRECT_OBJC_ISA_USAGE = YES_ERROR;
				CLANG_WARN_DOCUMENTATION_COMMENTS = YES;
				CLANG_WARN_EMPTY_BODY = YES;
				CLANG_WARN_ENUM_CONVERSION = YES;
				CLANG_WARN_INFINITE_RECURSION = YES;
				CLANG_WARN_INT_CONVERSION = YES;
				CLANG_WARN_NON_LITERAL_NULL_CONVERSION = YES;
				CLANG_WARN_OBJC_IMPLICIT_RETAIN_SELF = YES;
				CLANG_WARN_OBJC_LITERAL_CONVERSION = YES;
				CLANG_WARN_OBJC_ROOT_CLASS = YES_ERROR;
				CLANG_WARN_RANGE_LOOP_ANALYSIS = YES;
				CLANG_WARN_STRICT_PROTOTYPES = YES;
				CLANG_WARN_SUSPICIOUS_MOVE = YES;
				CLANG_WARN_UNGUARDED_AVAILABILITY = YES_AGGRESSIVE;
				CLANG_WARN_UNREACHABLE_CODE = YES;
				CLANG_WARN__DUPLICATE_METHOD_MATCH = YES;
				COPY_PHASE_STRIP = NO;
				DEBUG_INFORMATION_FORMAT = dwarf;
				ENABLE_STRICT_OBJC_MSGSEND = YES;
				ENABLE_TESTABILITY = YES;
				GCC_C_LANGUAGE_STANDARD = gnu11;
				GCC_DYNAMIC_NO_PIC = NO;
				GCC_NO_COMMON_BLOCKS = YES;
				GCC_OPTIMIZATION_LEVEL = 0;
				GCC_PREPROCESSOR_DEFINITIONS = (
					"DEBUG=1",
					"$(inherited)",
				);
				GCC_WARN_64_TO_32_BIT_CONVERSION = YES;
				GCC_WARN_ABOUT_RETURN_TYPE = YES_ERROR;
				GCC_WARN_UNDECLARED_SELECTOR = YES;
				GCC_WARN_UNINITIALIZED_AUTOS = YES_AGGRESSIVE;
				GCC_WARN_UNUSED_FUNCTION = YES;
				GCC_WARN_UNUSED_VARIABLE = YES;
				IPHONEOS_DEPLOYMENT_TARGET = 13.6;
				MTL_ENABLE_DEBUG_INFO = INCLUDE_SOURCE;
				MTL_FAST_MATH = YES;
				ONLY_ACTIVE_ARCH = YES;
				SDKROOT = iphoneos;
				SWIFT_ACTIVE_COMPILATION_CONDITIONS = DEBUG;
				SWIFT_OPTIMIZATION_LEVEL = "-Onone";
			};
			name = Debug;
		};
		2D40BF3C24F583B0007EEF1F /* Release */ = {
			isa = XCBuildConfiguration;
			buildSettings = {
				ALWAYS_SEARCH_USER_PATHS = NO;
				CLANG_ANALYZER_NONNULL = YES;
				CLANG_ANALYZER_NUMBER_OBJECT_CONVERSION = YES_AGGRESSIVE;
				CLANG_CXX_LANGUAGE_STANDARD = "gnu++14";
				CLANG_CXX_LIBRARY = "libc++";
				CLANG_ENABLE_MODULES = YES;
				CLANG_ENABLE_OBJC_ARC = YES;
				CLANG_ENABLE_OBJC_WEAK = YES;
				CLANG_WARN_BLOCK_CAPTURE_AUTORELEASING = YES;
				CLANG_WARN_BOOL_CONVERSION = YES;
				CLANG_WARN_COMMA = YES;
				CLANG_WARN_CONSTANT_CONVERSION = YES;
				CLANG_WARN_DEPRECATED_OBJC_IMPLEMENTATIONS = YES;
				CLANG_WARN_DIRECT_OBJC_ISA_USAGE = YES_ERROR;
				CLANG_WARN_DOCUMENTATION_COMMENTS = YES;
				CLANG_WARN_EMPTY_BODY = YES;
				CLANG_WARN_ENUM_CONVERSION = YES;
				CLANG_WARN_INFINITE_RECURSION = YES;
				CLANG_WARN_INT_CONVERSION = YES;
				CLANG_WARN_NON_LITERAL_NULL_CONVERSION = YES;
				CLANG_WARN_OBJC_IMPLICIT_RETAIN_SELF = YES;
				CLANG_WARN_OBJC_LITERAL_CONVERSION = YES;
				CLANG_WARN_OBJC_ROOT_CLASS = YES_ERROR;
				CLANG_WARN_RANGE_LOOP_ANALYSIS = YES;
				CLANG_WARN_STRICT_PROTOTYPES = YES;
				CLANG_WARN_SUSPICIOUS_MOVE = YES;
				CLANG_WARN_UNGUARDED_AVAILABILITY = YES_AGGRESSIVE;
				CLANG_WARN_UNREACHABLE_CODE = YES;
				CLANG_WARN__DUPLICATE_METHOD_MATCH = YES;
				COPY_PHASE_STRIP = NO;
				DEBUG_INFORMATION_FORMAT = "dwarf-with-dsym";
				ENABLE_NS_ASSERTIONS = NO;
				ENABLE_STRICT_OBJC_MSGSEND = YES;
				GCC_C_LANGUAGE_STANDARD = gnu11;
				GCC_NO_COMMON_BLOCKS = YES;
				GCC_WARN_64_TO_32_BIT_CONVERSION = YES;
				GCC_WARN_ABOUT_RETURN_TYPE = YES_ERROR;
				GCC_WARN_UNDECLARED_SELECTOR = YES;
				GCC_WARN_UNINITIALIZED_AUTOS = YES_AGGRESSIVE;
				GCC_WARN_UNUSED_FUNCTION = YES;
				GCC_WARN_UNUSED_VARIABLE = YES;
				IPHONEOS_DEPLOYMENT_TARGET = 13.6;
				MTL_ENABLE_DEBUG_INFO = NO;
				MTL_FAST_MATH = YES;
				SDKROOT = iphoneos;
				SWIFT_COMPILATION_MODE = wholemodule;
				SWIFT_OPTIMIZATION_LEVEL = "-O";
				VALIDATE_PRODUCT = YES;
			};
			name = Release;
		};
		2D40BF3E24F583B0007EEF1F /* Debug */ = {
			isa = XCBuildConfiguration;
			buildSettings = {
				ASSETCATALOG_COMPILER_APPICON_NAME = AppIcon;
				CODE_SIGN_ENTITLEMENTS = Hobbii/Hobbii.entitlements;
				CODE_SIGN_STYLE = Automatic;
				DEVELOPMENT_ASSET_PATHS = "\"Hobbii/Preview Content\"";
				DEVELOPMENT_TEAM = 8US39V7M5J;
				ENABLE_PREVIEWS = YES;
				INFOPLIST_FILE = Hobbii/Info.plist;
				LD_RUNPATH_SEARCH_PATHS = (
					"$(inherited)",
					"@executable_path/Frameworks",
				);
				PRODUCT_BUNDLE_IDENTIFIER = dk.soderlind.Hobbii;
				PRODUCT_NAME = "$(TARGET_NAME)";
				SWIFT_VERSION = 5.0;
				TARGETED_DEVICE_FAMILY = "1,2";
			};
			name = Debug;
		};
		2D40BF3F24F583B0007EEF1F /* Release */ = {
			isa = XCBuildConfiguration;
			buildSettings = {
				ASSETCATALOG_COMPILER_APPICON_NAME = AppIcon;
				CODE_SIGN_ENTITLEMENTS = Hobbii/Hobbii.entitlements;
				CODE_SIGN_STYLE = Automatic;
				DEVELOPMENT_ASSET_PATHS = "\"Hobbii/Preview Content\"";
				DEVELOPMENT_TEAM = "";
				ENABLE_PREVIEWS = YES;
				INFOPLIST_FILE = Hobbii/Info.plist;
				LD_RUNPATH_SEARCH_PATHS = (
					"$(inherited)",
					"@executable_path/Frameworks",
				);
				PRODUCT_BUNDLE_IDENTIFIER = dk.soderlind.Hobbii;
				PRODUCT_NAME = "$(TARGET_NAME)";
				SWIFT_VERSION = 5.0;
				TARGETED_DEVICE_FAMILY = "1,2";
			};
			name = Release;
		};
/* End XCBuildConfiguration section */

/* Begin XCConfigurationList section */
		2D40BF2424F583AB007EEF1F /* Build configuration list for PBXProject "Hobbii" */ = {
			isa = XCConfigurationList;
			buildConfigurations = (
				2D40BF3B24F583B0007EEF1F /* Debug */,
				2D40BF3C24F583B0007EEF1F /* Release */,
			);
			defaultConfigurationIsVisible = 0;
			defaultConfigurationName = Release;
		};
		2D40BF3D24F583B0007EEF1F /* Build configuration list for PBXNativeTarget "Hobbii" */ = {
			isa = XCConfigurationList;
			buildConfigurations = (
				2D40BF3E24F583B0007EEF1F /* Debug */,
				2D40BF3F24F583B0007EEF1F /* Release */,
			);
			defaultConfigurationIsVisible = 0;
			defaultConfigurationName = Release;
		};
/* End XCConfigurationList section */
	};
	rootObject = 2D40BF2124F583AB007EEF1F /* Project object */;
}
